
Microsoft Visual Studio Solution File, Format Version 12.00
# Visual Studio 15
VisualStudioVersion = 15.0.28307.572
MinimumVisualStudioVersion = 10.0.40219.1
Project("{FAE04EC0-301F-11D3-BF4B-00C04F79EFBC}") = "myMusicServer", "myMusicServer\myMusicServer.csproj", "{BAFBE2C9-18F3-442A-839B-329C3559BD60}"
EndProject
Global
	GlobalSection(SolutionConfigurationPlatforms) = preSolution
		Debug|Any CPU = Debug|Any CPU
		Release|Any CPU = Release|Any CPU
	EndGlobalSection
	GlobalSection(ProjectConfigurationPlatforms) = postSolution
		{BAFBE2C9-18F3-442A-839B-329C3559BD60}.Debug|Any CPU.ActiveCfg = Debug|Any CPU
		{BAFBE2C9-18F3-442A-839B-329C3559BD60}.Debug|Any CPU.Build.0 = Debug|Any CPU
		{BAFBE2C9-18F3-442A-839B-329C3559BD60}.Release|Any CPU.ActiveCfg = Release|Any CPU
		{BAFBE2C9-18F3-442A-839B-329C3559BD60}.Release|Any CPU.Build.0 = Release|Any CPU
	EndGlobalSection
	GlobalSection(SolutionProperties) = preSolution
		HideSolutionNode = FALSE
	EndGlobalSection
	GlobalSection(ExtensibilityGlobals) = postSolution
		SolutionGuid = {BA55D280-79EF-4DBE-8AAF-FB15EB3A061B}
	EndGlobalSection
EndGlobal
